
Microsoft Visual Studio Solution File, Format Version 12.00
# Visual Studio Version 17
VisualStudioVersion = 17.2.32630.192
MinimumVisualStudioVersion = 10.0.40219.1
Project("{FAE04EC0-301F-11D3-BF4B-00C04F79EFBC}") = "MyProject3", "MyProject3\MyProject3.csproj", "{14298003-7715-4AE6-B770-12F2DDF9C2EC}"
EndProject
Global
	GlobalSection(SolutionConfigurationPlatforms) = preSolution
		Debug|Any CPU = Debug|Any CPU
		Release|Any CPU = Release|Any CPU
	EndGlobalSection
	GlobalSection(ProjectConfigurationPlatforms) = postSolution
		{14298003-7715-4AE6-B770-12F2DDF9C2EC}.Debug|Any CPU.ActiveCfg = Debug|Any CPU
		{14298003-7715-4AE6-B770-12F2DDF9C2EC}.Debug|Any CPU.Build.0 = Debug|Any CPU
		{14298003-7715-4AE6-B770-12F2DDF9C2EC}.Release|Any CPU.ActiveCfg = Release|Any CPU
		{14298003-7715-4AE6-B770-12F2DDF9C2EC}.Release|Any CPU.Build.0 = Release|Any CPU
	EndGlobalSection
	GlobalSection(SolutionProperties) = preSolution
		HideSolutionNode = FALSE
	EndGlobalSection
	GlobalSection(ExtensibilityGlobals) = postSolution
		SolutionGuid = {2E80BD63-EF93-4CDE-BA22-AB2E4C7861F9}
	EndGlobalSection
EndGlobal
